
Microsoft Visual Studio Solution File, Format Version 12.00
# Visual Studio Version 17
VisualStudioVersion = 17.11.35303.130
MinimumVisualStudioVersion = 10.0.40219.1
Project("{FAE04EC0-301F-11D3-BF4B-00C04F79EFBC}") = "Week5VS", "Week5VS\Week5VS.csproj", "{EC3BD1B1-8257-48F0-863F-3DCF942B88EB}"
EndProject
Global
	GlobalSection(SolutionConfigurationPlatforms) = preSolution
		Debug|Any CPU = Debug|Any CPU
		Release|Any CPU = Release|Any CPU
	EndGlobalSection
	GlobalSection(ProjectConfigurationPlatforms) = postSolution
		{EC3BD1B1-8257-48F0-863F-3DCF942B88EB}.Debug|Any CPU.ActiveCfg = Debug|Any CPU
		{EC3BD1B1-8257-48F0-863F-3DCF942B88EB}.Debug|Any CPU.Build.0 = Debug|Any CPU
		{EC3BD1B1-8257-48F0-863F-3DCF942B88EB}.Release|Any CPU.ActiveCfg = Release|Any CPU
		{EC3BD1B1-8257-48F0-863F-3DCF942B88EB}.Release|Any CPU.Build.0 = Release|Any CPU
	EndGlobalSection
	GlobalSection(SolutionProperties) = preSolution
		HideSolutionNode = FALSE
	EndGlobalSection
	GlobalSection(ExtensibilityGlobals) = postSolution
		SolutionGuid = {5C516009-549F-42FA-9C77-522C90789041}
	EndGlobalSection
EndGlobal
